
Microsoft Visual Studio Solution File, Format Version 12.00
# Visual Studio Version 17
VisualStudioVersion = 17.0.31903.59
MinimumVisualStudioVersion = 10.0.40219.1
Project("{FAE04EC0-301F-11D3-BF4B-00C04F79EFBC}") = "Klinkby.Halal", "src\Klinkby.Halal\Klinkby.Halal.csproj", "{30B49E7A-2315-4881-B4EA-70539D971E35}"
EndProject
Project("{2150E333-8FDC-42A3-9474-1A3956D46DE8}") = "Sample", "Sample", "{6E05E172-A065-4BD0-9C1C-05FCC0B5A2D1}"
EndProject
Project("{2150E333-8FDC-42A3-9474-1A3956D46DE8}") = "Solution Items", "Solution Items", "{9BFB17EF-3432-407E-AA17-B9C62BE32F4C}"
	ProjectSection(SolutionItems) = preProject
		.gitignore = .gitignore
		Directory.Build.props = Directory.Build.props
		global.json = global.json
		README.md = README.md
		.editorconfig = .editorconfig
	EndProjectSection
EndProject
Project("{FAE04EC0-301F-11D3-BF4B-00C04F79EFBC}") = "Klinkby.Halal.Sample", "sample\Klinkby.Halal.Sample\Klinkby.Halal.Sample.csproj", "{00EF2769-EC53-4776-BFD4-B4457A3470B6}"
EndProject
Project("{FAE04EC0-301F-11D3-BF4B-00C04F79EFBC}") = "Klinkby.Halal.Tests", "tests\Klinkby.Halal.Tests\Klinkby.Halal.Tests.csproj", "{3D4DA4BE-CAE6-4D0F-89D2-874707F7BE7A}"
EndProject
Project("{2150E333-8FDC-42A3-9474-1A3956D46DE8}") = "Tests", "Tests", "{D3FDDEA2-3C49-4320-AD05-16B8B576D429}"
EndProject
Global
	GlobalSection(SolutionConfigurationPlatforms) = preSolution
		Debug|Any CPU = Debug|Any CPU
		Release|Any CPU = Release|Any CPU
	EndGlobalSection
	GlobalSection(SolutionProperties) = preSolution
		HideSolutionNode = FALSE
	EndGlobalSection
	GlobalSection(ProjectConfigurationPlatforms) = postSolution
		{30B49E7A-2315-4881-B4EA-70539D971E35}.Debug|Any CPU.ActiveCfg = Debug|Any CPU
		{30B49E7A-2315-4881-B4EA-70539D971E35}.Debug|Any CPU.Build.0 = Debug|Any CPU
		{30B49E7A-2315-4881-B4EA-70539D971E35}.Release|Any CPU.ActiveCfg = Release|Any CPU
		{30B49E7A-2315-4881-B4EA-70539D971E35}.Release|Any CPU.Build.0 = Release|Any CPU
		{00EF2769-EC53-4776-BFD4-B4457A3470B6}.Debug|Any CPU.ActiveCfg = Debug|Any CPU
		{00EF2769-EC53-4776-BFD4-B4457A3470B6}.Debug|Any CPU.Build.0 = Debug|Any CPU
		{00EF2769-EC53-4776-BFD4-B4457A3470B6}.Release|Any CPU.ActiveCfg = Release|Any CPU
		{00EF2769-EC53-4776-BFD4-B4457A3470B6}.Release|Any CPU.Build.0 = Release|Any CPU
		{3D4DA4BE-CAE6-4D0F-89D2-874707F7BE7A}.Debug|Any CPU.ActiveCfg = Debug|Any CPU
		{3D4DA4BE-CAE6-4D0F-89D2-874707F7BE7A}.Debug|Any CPU.Build.0 = Debug|Any CPU
		{3D4DA4BE-CAE6-4D0F-89D2-874707F7BE7A}.Release|Any CPU.ActiveCfg = Release|Any CPU
		{3D4DA4BE-CAE6-4D0F-89D2-874707F7BE7A}.Release|Any CPU.Build.0 = Release|Any CPU
	EndGlobalSection
	GlobalSection(NestedProjects) = preSolution
		{00EF2769-EC53-4776-BFD4-B4457A3470B6} = {6E05E172-A065-4BD0-9C1C-05FCC0B5A2D1}
		{3D4DA4BE-CAE6-4D0F-89D2-874707F7BE7A} = {D3FDDEA2-3C49-4320-AD05-16B8B576D429}
	EndGlobalSection
EndGlobal
